<Solution>
  <Folder Name="/src/">
    <Project Path="Lane.Core/Lane.Core.csproj" />
    <Project Path="Lane.Providers/Lane.Providers.csproj" />
    <Project Path="Lane.Audio/Lane.Audio.csproj" />
    <Project Path="Lane.Memory/Lane.Memory.csproj" />
    <Project Path="Lane.Tools/Lane.Tools.csproj" />
    <Project Path="Lane.Tools.Mcp/Lane.Tools.Mcp.csproj" />
    <Project Path="Lane.Surfaces.Discord/Lane.Surfaces.Discord.csproj" />
    <Project Path="Lane.Surfaces.Terminal/Lane.Surfaces.Terminal.csproj" />
    <Project Path="Lane.Surfaces.Api/Lane.Surfaces.Api.csproj" />
    <Project Path="Lane.Host/Lane.Host.csproj" />
    <Project Path="Lane.Nodes.Protocol/Lane.Nodes.Protocol.csproj" />
    <Project Path="Lane.Nodes/Lane.Nodes.csproj" />
    <Project Path="Lane.Node.Sdk/Lane.Node.Sdk.csproj" />
  </Folder>
  <Folder Name="/examples/">
    <Project Path="Examples/Lane.Node.OpenAi/Lane.Node.OpenAi.csproj" />
  </Folder>
  <Folder Name="/test/">
    <Project Path="Lane.Testing/Lane.Testing.csproj" />
    <Project Path="Lane.Tests/Lane.Tests.csproj" />
  </Folder>
</Solution>
